// !$*UTF8*$!
{
	archiveVersion = 1;
	classes = {
	};
	objectVersion = 46;
	objects = {

/* Begin PBXBuildFile section */
		38ECA7CED648939243F746F6 /* Pods_MvppocTests.framework in Frameworks */ = {isa = PBXBuildFile; fileRef = C5AE528EE4A25C4653453E79 /* Pods_MvppocTests.framework */; };
		636055A9F57248BFF00D8F82 /* Pods_Mvppoc.framework in Frameworks */ = {isa = PBXBuildFile; fileRef = 701FF15654A0D671C76F5394 /* Pods_Mvppoc.framework */; };
		8F351B0B74E4C05A61482672 /* Pods_MvppocUITests.framework in Frameworks */ = {isa = PBXBuildFile; fileRef = 756515C345A743510668F8F4 /* Pods_MvppocUITests.framework */; };
		E8A57A6C1EBCA8A700BB94C4 /* IssueTrackerModel.swift in Sources */ = {isa = PBXBuildFile; fileRef = E8A57A6B1EBCA8A700BB94C4 /* IssueTrackerModel.swift */; };
		E8A57A6E1EBCA96F00BB94C4 /* Issues.swift in Sources */ = {isa = PBXBuildFile; fileRef = E8A57A6D1EBCA96F00BB94C4 /* Issues.swift */; };
		E8A57A701EBCA9FA00BB94C4 /* Repository.swift in Sources */ = {isa = PBXBuildFile; fileRef = E8A57A6F1EBCA9FA00BB94C4 /* Repository.swift */; };
		E8A729D61EB8664C007D1B23 /* AppDelegate.swift in Sources */ = {isa = PBXBuildFile; fileRef = E8A729D51EB8664C007D1B23 /* AppDelegate.swift */; };
		E8A729D81EB8664C007D1B23 /* ViewController.swift in Sources */ = {isa = PBXBuildFile; fileRef = E8A729D71EB8664C007D1B23 /* ViewController.swift */; };
		E8A729DB1EB8664C007D1B23 /* Main.storyboard in Resources */ = {isa = PBXBuildFile; fileRef = E8A729D91EB8664C007D1B23 /* Main.storyboard */; };
		E8A729DD1EB8664C007D1B23 /* Assets.xcassets in Resources */ = {isa = PBXBuildFile; fileRef = E8A729DC1EB8664C007D1B23 /* Assets.xcassets */; };
		E8A729E01EB8664C007D1B23 /* LaunchScreen.storyboard in Resources */ = {isa = PBXBuildFile; fileRef = E8A729DE1EB8664C007D1B23 /* LaunchScreen.storyboard */; };
		E8A729EB1EB8664C007D1B23 /* MvppocTests.swift in Sources */ = {isa = PBXBuildFile; fileRef = E8A729EA1EB8664C007D1B23 /* MvppocTests.swift */; };
		E8A729F61EB8664C007D1B23 /* MvppocUITests.swift in Sources */ = {isa = PBXBuildFile; fileRef = E8A729F51EB8664C007D1B23 /* MvppocUITests.swift */; };
		E8B4863C1EB9B97C000F5BEE /* BallViewController.swift in Sources */ = {isa = PBXBuildFile; fileRef = E8B4863B1EB9B97C000F5BEE /* BallViewController.swift */; };
		E8B4863E1EB9E38B000F5BEE /* BallViewModel.swift in Sources */ = {isa = PBXBuildFile; fileRef = E8B4863D1EB9E38B000F5BEE /* BallViewModel.swift */; };
		E8D218621EBB3671007A6C1F /* GithubEndpoint.swift in Sources */ = {isa = PBXBuildFile; fileRef = E8D218611EBB3671007A6C1F /* GithubEndpoint.swift */; };
/* End PBXBuildFile section */

/* Begin PBXContainerItemProxy section */
		E8A729E71EB8664C007D1B23 /* PBXContainerItemProxy */ = {
			isa = PBXContainerItemProxy;
			containerPortal = E8A729CA1EB8664C007D1B23 /* Project object */;
			proxyType = 1;
			remoteGlobalIDString = E8A729D11EB8664C007D1B23;
			remoteInfo = Mvppoc;
		};
		E8A729F21EB8664C007D1B23 /* PBXContainerItemProxy */ = {
			isa = PBXContainerItemProxy;
			containerPortal = E8A729CA1EB8664C007D1B23 /* Project object */;
			proxyType = 1;
			remoteGlobalIDString = E8A729D11EB8664C007D1B23;
			remoteInfo = Mvppoc;
		};
/* End PBXContainerItemProxy section */

/* Begin PBXFileReference section */
		2ED5D4C66A44021422579FD3 /* Pods-Mvppoc.debug.xcconfig */ = {isa = PBXFileReference; includeInIndex = 1; lastKnownFileType = text.xcconfig; name = "Pods-Mvppoc.debug.xcconfig"; path = "Pods/Target Support Files/Pods-Mvppoc/Pods-Mvppoc.debug.xcconfig"; sourceTree = "<group>"; };
		2F51F3995510059B2E443CE5 /* Pods-MvppocTests.debug.xcconfig */ = {isa = PBXFileReference; includeInIndex = 1; lastKnownFileType = text.xcconfig; name = "Pods-MvppocTests.debug.xcconfig"; path = "Pods/Target Support Files/Pods-MvppocTests/Pods-MvppocTests.debug.xcconfig"; sourceTree = "<group>"; };
		440EF1A17BE12B7AE26941B0 /* Pods-MvppocTests.release.xcconfig */ = {isa = PBXFileReference; includeInIndex = 1; lastKnownFileType = text.xcconfig; name = "Pods-MvppocTests.release.xcconfig"; path = "Pods/Target Support Files/Pods-MvppocTests/Pods-MvppocTests.release.xcconfig"; sourceTree = "<group>"; };
		701FF15654A0D671C76F5394 /* Pods_Mvppoc.framework */ = {isa = PBXFileReference; explicitFileType = wrapper.framework; includeInIndex = 0; path = Pods_Mvppoc.framework; sourceTree = BUILT_PRODUCTS_DIR; };
		756515C345A743510668F8F4 /* Pods_MvppocUITests.framework */ = {isa = PBXFileReference; explicitFileType = wrapper.framework; includeInIndex = 0; path = Pods_MvppocUITests.framework; sourceTree = BUILT_PRODUCTS_DIR; };
		7F9F00F925D506A14CE03F58 /* Pods-Mvppoc.release.xcconfig */ = {isa = PBXFileReference; includeInIndex = 1; lastKnownFileType = text.xcconfig; name = "Pods-Mvppoc.release.xcconfig"; path = "Pods/Target Support Files/Pods-Mvppoc/Pods-Mvppoc.release.xcconfig"; sourceTree = "<group>"; };
		ADE62F63E4A0731F3766DDBA /* Pods-MvppocUITests.debug.xcconfig */ = {isa = PBXFileReference; includeInIndex = 1; lastKnownFileType = text.xcconfig; name = "Pods-MvppocUITests.debug.xcconfig"; path = "Pods/Target Support Files/Pods-MvppocUITests/Pods-MvppocUITests.debug.xcconfig"; sourceTree = "<group>"; };
		C5AE528EE4A25C4653453E79 /* Pods_MvppocTests.framework */ = {isa = PBXFileReference; explicitFileType = wrapper.framework; includeInIndex = 0; path = Pods_MvppocTests.framework; sourceTree = BUILT_PRODUCTS_DIR; };
		CF7CE1E432ED0668D2B171DE /* Pods-MvppocUITests.release.xcconfig */ = {isa = PBXFileReference; includeInIndex = 1; lastKnownFileType = text.xcconfig; name = "Pods-MvppocUITests.release.xcconfig"; path = "Pods/Target Support Files/Pods-MvppocUITests/Pods-MvppocUITests.release.xcconfig"; sourceTree = "<group>"; };
		E8A57A6B1EBCA8A700BB94C4 /* IssueTrackerModel.swift */ = {isa = PBXFileReference; fileEncoding = 4; lastKnownFileType = sourcecode.swift; path = IssueTrackerModel.swift; sourceTree = "<group>"; };
		E8A57A6D1EBCA96F00BB94C4 /* Issues.swift */ = {isa = PBXFileReference; fileEncoding = 4; lastKnownFileType = sourcecode.swift; path = Issues.swift; sourceTree = "<group>"; };
		E8A57A6F1EBCA9FA00BB94C4 /* Repository.swift */ = {isa = PBXFileReference; fileEncoding = 4; lastKnownFileType = sourcecode.swift; path = Repository.swift; sourceTree = "<group>"; };
		E8A729D21EB8664C007D1B23 /* Mvppoc.app */ = {isa = PBXFileReference; explicitFileType = wrapper.application; includeInIndex = 0; path = Mvppoc.app; sourceTree = BUILT_PRODUCTS_DIR; };
		E8A729D51EB8664C007D1B23 /* AppDelegate.swift */ = {isa = PBXFileReference; lastKnownFileType = sourcecode.swift; path = AppDelegate.swift; sourceTree = "<group>"; };
		E8A729D71EB8664C007D1B23 /* ViewController.swift */ = {isa = PBXFileReference; lastKnownFileType = sourcecode.swift; path = ViewController.swift; sourceTree = "<group>"; };
		E8A729DA1EB8664C007D1B23 /* Base */ = {isa = PBXFileReference; lastKnownFileType = file.storyboard; name = Base; path = Base.lproj/Main.storyboard; sourceTree = "<group>"; };
		E8A729DC1EB8664C007D1B23 /* Assets.xcassets */ = {isa = PBXFileReference; lastKnownFileType = folder.assetcatalog; path = Assets.xcassets; sourceTree = "<group>"; };
		E8A729DF1EB8664C007D1B23 /* Base */ = {isa = PBXFileReference; lastKnownFileType = file.storyboard; name = Base; path = Base.lproj/LaunchScreen.storyboard; sourceTree = "<group>"; };
		E8A729E11EB8664C007D1B23 /* Info.plist */ = {isa = PBXFileReference; lastKnownFileType = text.plist.xml; path = Info.plist; sourceTree = "<group>"; };
		E8A729E61EB8664C007D1B23 /* MvppocTests.xctest */ = {isa = PBXFileReference; explicitFileType = wrapper.cfbundle; includeInIndex = 0; path = MvppocTests.xctest; sourceTree = BUILT_PRODUCTS_DIR; };
		E8A729EA1EB8664C007D1B23 /* MvppocTests.swift */ = {isa = PBXFileReference; lastKnownFileType = sourcecode.swift; path = MvppocTests.swift; sourceTree = "<group>"; };
		E8A729EC1EB8664C007D1B23 /* Info.plist */ = {isa = PBXFileReference; lastKnownFileType = text.plist.xml; path = Info.plist; sourceTree = "<group>"; };
		E8A729F11EB8664C007D1B23 /* MvppocUITests.xctest */ = {isa = PBXFileReference; explicitFileType = wrapper.cfbundle; includeInIndex = 0; path = MvppocUITests.xctest; sourceTree = BUILT_PRODUCTS_DIR; };
		E8A729F51EB8664C007D1B23 /* MvppocUITests.swift */ = {isa = PBXFileReference; lastKnownFileType = sourcecode.swift; path = MvppocUITests.swift; sourceTree = "<group>"; };
		E8A729F71EB8664C007D1B23 /* Info.plist */ = {isa = PBXFileReference; lastKnownFileType = text.plist.xml; path = Info.plist; sourceTree = "<group>"; };
		E8B4863B1EB9B97C000F5BEE /* BallViewController.swift */ = {isa = PBXFileReference; fileEncoding = 4; lastKnownFileType = sourcecode.swift; path = BallViewController.swift; sourceTree = "<group>"; };
		E8B4863D1EB9E38B000F5BEE /* BallViewModel.swift */ = {isa = PBXFileReference; fileEncoding = 4; lastKnownFileType = sourcecode.swift; path = BallViewModel.swift; sourceTree = "<group>"; };
		E8D218611EBB3671007A6C1F /* GithubEndpoint.swift */ = {isa = PBXFileReference; fileEncoding = 4; lastKnownFileType = sourcecode.swift; path = GithubEndpoint.swift; sourceTree = "<group>"; };
/* End PBXFileReference section */

/* Begin PBXFrameworksBuildPhase section */
		E8A729CF1EB8664C007D1B23 /* Frameworks */ = {
			isa = PBXFrameworksBuildPhase;
			buildActionMask = 2147483647;
			files = (
				636055A9F57248BFF00D8F82 /* Pods_Mvppoc.framework in Frameworks */,
			);
			runOnlyForDeploymentPostprocessing = 0;
		};
		E8A729E31EB8664C007D1B23 /* Frameworks */ = {
			isa = PBXFrameworksBuildPhase;
			buildActionMask = 2147483647;
			files = (
				38ECA7CED648939243F746F6 /* Pods_MvppocTests.framework in Frameworks */,
			);
			runOnlyForDeploymentPostprocessing = 0;
		};
		E8A729EE1EB8664C007D1B23 /* Frameworks */ = {
			isa = PBXFrameworksBuildPhase;
			buildActionMask = 2147483647;
			files = (
				8F351B0B74E4C05A61482672 /* Pods_MvppocUITests.framework in Frameworks */,
			);
			runOnlyForDeploymentPostprocessing = 0;
		};
/* End PBXFrameworksBuildPhase section */

/* Begin PBXGroup section */
		74871A5EC55B1C6434B085EE /* Frameworks */ = {
			isa = PBXGroup;
			children = (
				701FF15654A0D671C76F5394 /* Pods_Mvppoc.framework */,
				C5AE528EE4A25C4653453E79 /* Pods_MvppocTests.framework */,
				756515C345A743510668F8F4 /* Pods_MvppocUITests.framework */,
			);
			name = Frameworks;
			sourceTree = "<group>";
		};
		77CB616B18AA93DFB51F9DD7 /* Pods */ = {
			isa = PBXGroup;
			children = (
				2ED5D4C66A44021422579FD3 /* Pods-Mvppoc.debug.xcconfig */,
				7F9F00F925D506A14CE03F58 /* Pods-Mvppoc.release.xcconfig */,
				2F51F3995510059B2E443CE5 /* Pods-MvppocTests.debug.xcconfig */,
				440EF1A17BE12B7AE26941B0 /* Pods-MvppocTests.release.xcconfig */,
				ADE62F63E4A0731F3766DDBA /* Pods-MvppocUITests.debug.xcconfig */,
				CF7CE1E432ED0668D2B171DE /* Pods-MvppocUITests.release.xcconfig */,
			);
			name = Pods;
			sourceTree = "<group>";
		};
		E89D275D1EB88BF600B39AF5 /* Model */ = {
			isa = PBXGroup;
			children = (
				E8B4863D1EB9E38B000F5BEE /* BallViewModel.swift */,
				E8A57A6B1EBCA8A700BB94C4 /* IssueTrackerModel.swift */,
				E8A57A6D1EBCA96F00BB94C4 /* Issues.swift */,
				E8A57A6F1EBCA9FA00BB94C4 /* Repository.swift */,
			);
			name = Model;
			sourceTree = "<group>";
		};
		E8A729C91EB8664C007D1B23 = {
			isa = PBXGroup;
			children = (
				E8A729D41EB8664C007D1B23 /* Mvppoc */,
				E8A729E91EB8664C007D1B23 /* MvppocTests */,
				E8A729F41EB8664C007D1B23 /* MvppocUITests */,
				E8A729D31EB8664C007D1B23 /* Products */,
				77CB616B18AA93DFB51F9DD7 /* Pods */,
				74871A5EC55B1C6434B085EE /* Frameworks */,
			);
			sourceTree = "<group>";
		};
		E8A729D31EB8664C007D1B23 /* Products */ = {
			isa = PBXGroup;
			children = (
				E8A729D21EB8664C007D1B23 /* Mvppoc.app */,
				E8A729E61EB8664C007D1B23 /* MvppocTests.xctest */,
				E8A729F11EB8664C007D1B23 /* MvppocUITests.xctest */,
			);
			name = Products;
			sourceTree = "<group>";
		};
		E8A729D41EB8664C007D1B23 /* Mvppoc */ = {
			isa = PBXGroup;
			children = (
				E8D218601EBB363D007A6C1F /* Helper */,
				E89D275D1EB88BF600B39AF5 /* Model */,
				E8A729D51EB8664C007D1B23 /* AppDelegate.swift */,
				E8A729D71EB8664C007D1B23 /* ViewController.swift */,
				E8A729D91EB8664C007D1B23 /* Main.storyboard */,
				E8A729DC1EB8664C007D1B23 /* Assets.xcassets */,
				E8A729DE1EB8664C007D1B23 /* LaunchScreen.storyboard */,
				E8A729E11EB8664C007D1B23 /* Info.plist */,
				E8B4863B1EB9B97C000F5BEE /* BallViewController.swift */,
			);
			path = Mvppoc;
			sourceTree = "<group>";
		};
		E8A729E91EB8664C007D1B23 /* MvppocTests */ = {
			isa = PBXGroup;
			children = (
				E8A729EA1EB8664C007D1B23 /* MvppocTests.swift */,
				E8A729EC1EB8664C007D1B23 /* Info.plist */,
			);
			path = MvppocTests;
			sourceTree = "<group>";
		};
		E8A729F41EB8664C007D1B23 /* MvppocUITests */ = {
			isa = PBXGroup;
			children = (
				E8A729F51EB8664C007D1B23 /* MvppocUITests.swift */,
				E8A729F71EB8664C007D1B23 /* Info.plist */,
			);
			path = MvppocUITests;
			sourceTree = "<group>";
		};
		E8D218601EBB363D007A6C1F /* Helper */ = {
			isa = PBXGroup;
			children = (
				E8D218611EBB3671007A6C1F /* GithubEndpoint.swift */,
			);
			name = Helper;
			sourceTree = "<group>";
		};
/* End PBXGroup section */

/* Begin PBXNativeTarget section */
		E8A729D11EB8664C007D1B23 /* Mvppoc */ = {
			isa = PBXNativeTarget;
			buildConfigurationList = E8A729FA1EB8664C007D1B23 /* Build configuration list for PBXNativeTarget "Mvppoc" */;
			buildPhases = (
				F9A3D2FCDF6FC5BA1B82ED06 /* [CP] Check Pods Manifest.lock */,
				E8A729CE1EB8664C007D1B23 /* Sources */,
				E8A729CF1EB8664C007D1B23 /* Frameworks */,
				E8A729D01EB8664C007D1B23 /* Resources */,
				88EE11D175E645BDF27E0D5C /* [CP] Embed Pods Frameworks */,
				C8AB571C00D1819D7133DB0B /* [CP] Copy Pods Resources */,
			);
			buildRules = (
			);
			dependencies = (
			);
			name = Mvppoc;
			productName = Mvppoc;
			productReference = E8A729D21EB8664C007D1B23 /* Mvppoc.app */;
			productType = "com.apple.product-type.application";
		};
		E8A729E51EB8664C007D1B23 /* MvppocTests */ = {
			isa = PBXNativeTarget;
			buildConfigurationList = E8A729FD1EB8664C007D1B23 /* Build configuration list for PBXNativeTarget "MvppocTests" */;
			buildPhases = (
				41A4E921F8AABE1D9706A39B /* [CP] Check Pods Manifest.lock */,
				E8A729E21EB8664C007D1B23 /* Sources */,
				E8A729E31EB8664C007D1B23 /* Frameworks */,
				E8A729E41EB8664C007D1B23 /* Resources */,
				3A410F97E099BA737176D782 /* [CP] Embed Pods Frameworks */,
				6EAC23A5F2921F329CBCF9D9 /* [CP] Copy Pods Resources */,
			);
			buildRules = (
			);
			dependencies = (
				E8A729E81EB8664C007D1B23 /* PBXTargetDependency */,
			);
			name = MvppocTests;
			productName = MvppocTests;
			productReference = E8A729E61EB8664C007D1B23 /* MvppocTests.xctest */;
			productType = "com.apple.product-type.bundle.unit-test";
		};
		E8A729F01EB8664C007D1B23 /* MvppocUITests */ = {
			isa = PBXNativeTarget;
			buildConfigurationList = E8A72A001EB8664C007D1B23 /* Build configuration list for PBXNativeTarget "MvppocUITests" */;
			buildPhases = (
				DD24B245DD5AF53618EDDEFF /* [CP] Check Pods Manifest.lock */,
				E8A729ED1EB8664C007D1B23 /* Sources */,
				E8A729EE1EB8664C007D1B23 /* Frameworks */,
				E8A729EF1EB8664C007D1B23 /* Resources */,
				C2E5DCABC4AA6C595A88C5E5 /* [CP] Embed Pods Frameworks */,
				2095ABF955E554DDE8AC182E /* [CP] Copy Pods Resources */,
			);
			buildRules = (
			);
			dependencies = (
				E8A729F31EB8664C007D1B23 /* PBXTargetDependency */,
			);
			name = MvppocUITests;
			productName = MvppocUITests;
			productReference = E8A729F11EB8664C007D1B23 /* MvppocUITests.xctest */;
			productType = "com.apple.product-type.bundle.ui-testing";
		};
/* End PBXNativeTarget section */

/* Begin PBXProject section */
		E8A729CA1EB8664C007D1B23 /* Project object */ = {
			isa = PBXProject;
			attributes = {
				LastSwiftUpdateCheck = 0830;
				LastUpgradeCheck = 0830;
				ORGANIZATIONNAME = nineleaps;
				TargetAttributes = {
					E8A729D11EB8664C007D1B23 = {
						CreatedOnToolsVersion = 8.3.2;
						ProvisioningStyle = Automatic;
					};
					E8A729E51EB8664C007D1B23 = {
						CreatedOnToolsVersion = 8.3.2;
						ProvisioningStyle = Automatic;
						TestTargetID = E8A729D11EB8664C007D1B23;
					};
					E8A729F01EB8664C007D1B23 = {
						CreatedOnToolsVersion = 8.3.2;
						ProvisioningStyle = Automatic;
						TestTargetID = E8A729D11EB8664C007D1B23;
					};
				};
			};
			buildConfigurationList = E8A729CD1EB8664C007D1B23 /* Build configuration list for PBXProject "Mvppoc" */;
			compatibilityVersion = "Xcode 3.2";
			developmentRegion = English;
			hasScannedForEncodings = 0;
			knownRegions = (
				en,
				Base,
			);
			mainGroup = E8A729C91EB8664C007D1B23;
			productRefGroup = E8A729D31EB8664C007D1B23 /* Products */;
			projectDirPath = "";
			projectRoot = "";
			targets = (
				E8A729D11EB8664C007D1B23 /* Mvppoc */,
				E8A729E51EB8664C007D1B23 /* MvppocTests */,
				E8A729F01EB8664C007D1B23 /* MvppocUITests */,
			);
		};
/* End PBXProject section */

/* Begin PBXResourcesBuildPhase section */
		E8A729D01EB8664C007D1B23 /* Resources */ = {
			isa = PBXResourcesBuildPhase;
			buildActionMask = 2147483647;
			files = (
				E8A729E01EB8664C007D1B23 /* LaunchScreen.storyboard in Resources */,
				E8A729DD1EB8664C007D1B23 /* Assets.xcassets in Resources */,
				E8A729DB1EB8664C007D1B23 /* Main.storyboard in Resources */,
			);
			runOnlyForDeploymentPostprocessing = 0;
		};
		E8A729E41EB8664C007D1B23 /* Resources */ = {
			isa = PBXResourcesBuildPhase;
			buildActionMask = 2147483647;
			files = (
			);
			runOnlyForDeploymentPostprocessing = 0;
		};
		E8A729EF1EB8664C007D1B23 /* Resources */ = {
			isa = PBXResourcesBuildPhase;
			buildActionMask = 2147483647;
			files = (
			);
			runOnlyForDeploymentPostprocessing = 0;
		};
/* End PBXResourcesBuildPhase section */

/* Begin PBXShellScriptBuildPhase section */
		2095ABF955E554DDE8AC182E /* [CP] Copy Pods Resources */ = {
			isa = PBXShellScriptBuildPhase;
			buildActionMask = 2147483647;
			files = (
			);
			inputPaths = (
			);
			name = "[CP] Copy Pods Resources";
			outputPaths = (
			);
			runOnlyForDeploymentPostprocessing = 0;
			shellPath = /bin/sh;
			shellScript = "\"${SRCROOT}/Pods/Target Support Files/Pods-MvppocUITests/Pods-MvppocUITests-resources.sh\"\n";
			showEnvVarsInLog = 0;
		};
		3A410F97E099BA737176D782 /* [CP] Embed Pods Frameworks */ = {
			isa = PBXShellScriptBuildPhase;
			buildActionMask = 2147483647;
			files = (
			);
			inputPaths = (
			);
			name = "[CP] Embed Pods Frameworks";
			outputPaths = (
			);
			runOnlyForDeploymentPostprocessing = 0;
			shellPath = /bin/sh;
			shellScript = "\"${SRCROOT}/Pods/Target Support Files/Pods-MvppocTests/Pods-MvppocTests-frameworks.sh\"\n";
			showEnvVarsInLog = 0;
		};
		41A4E921F8AABE1D9706A39B /* [CP] Check Pods Manifest.lock */ = {
			isa = PBXShellScriptBuildPhase;
			buildActionMask = 2147483647;
			files = (
			);
			inputPaths = (
			);
			name = "[CP] Check Pods Manifest.lock";
			outputPaths = (
			);
			runOnlyForDeploymentPostprocessing = 0;
			shellPath = /bin/sh;
			shellScript = "diff \"${PODS_PODFILE_DIR_PATH}/Podfile.lock\" \"${PODS_ROOT}/Manifest.lock\" > /dev/null\nif [ $? != 0 ] ; then\n    # print error to STDERR\n    echo \"error: The sandbox is not in sync with the Podfile.lock. Run 'pod install' or update your CocoaPods installation.\" >&2\n    exit 1\nfi\n";
			showEnvVarsInLog = 0;
		};
		6EAC23A5F2921F329CBCF9D9 /* [CP] Copy Pods Resources */ = {
			isa = PBXShellScriptBuildPhase;
			buildActionMask = 2147483647;
			files = (
			);
			inputPaths = (
			);
			name = "[CP] Copy Pods Resources";
			outputPaths = (
			);
			runOnlyForDeploymentPostprocessing = 0;
			shellPath = /bin/sh;
			shellScript = "\"${SRCROOT}/Pods/Target Support Files/Pods-MvppocTests/Pods-MvppocTests-resources.sh\"\n";
			showEnvVarsInLog = 0;
		};
		88EE11D175E645BDF27E0D5C /* [CP] Embed Pods Frameworks */ = {
			isa = PBXShellScriptBuildPhase;
			buildActionMask = 2147483647;
			files = (
			);
			inputPaths = (
			);
			name = "[CP] Embed Pods Frameworks";
			outputPaths = (
			);
			runOnlyForDeploymentPostprocessing = 0;
			shellPath = /bin/sh;
			shellScript = "\"${SRCROOT}/Pods/Target Support Files/Pods-Mvppoc/Pods-Mvppoc-frameworks.sh\"\n";
			showEnvVarsInLog = 0;
		};
		C2E5DCABC4AA6C595A88C5E5 /* [CP] Embed Pods Frameworks */ = {
			isa = PBXShellScriptBuildPhase;
			buildActionMask = 2147483647;
			files = (
			);
			inputPaths = (
			);
			name = "[CP] Embed Pods Frameworks";
			outputPaths = (
			);
			runOnlyForDeploymentPostprocessing = 0;
			shellPath = /bin/sh;
			shellScript = "\"${SRCROOT}/Pods/Target Support Files/Pods-MvppocUITests/Pods-MvppocUITests-frameworks.sh\"\n";
			showEnvVarsInLog = 0;
		};
		C8AB571C00D1819D7133DB0B /* [CP] Copy Pods Resources */ = {
			isa = PBXShellScriptBuildPhase;
			buildActionMask = 2147483647;
			files = (
			);
			inputPaths = (
			);
			name = "[CP] Copy Pods Resources";
			outputPaths = (
			);
			runOnlyForDeploymentPostprocessing = 0;
			shellPath = /bin/sh;
			shellScript = "\"${SRCROOT}/Pods/Target Support Files/Pods-Mvppoc/Pods-Mvppoc-resources.sh\"\n";
			showEnvVarsInLog = 0;
		};
		DD24B245DD5AF53618EDDEFF /* [CP] Check Pods Manifest.lock */ = {
			isa = PBXShellScriptBuildPhase;
			buildActionMask = 2147483647;
			files = (
			);
			inputPaths = (
			);
			name = "[CP] Check Pods Manifest.lock";
			outputPaths = (
			);
			runOnlyForDeploymentPostprocessing = 0;
			shellPath = /bin/sh;
			shellScript = "diff \"${PODS_PODFILE_DIR_PATH}/Podfile.lock\" \"${PODS_ROOT}/Manifest.lock\" > /dev/null\nif [ $? != 0 ] ; then\n    # print error to STDERR\n    echo \"error: The sandbox is not in sync with the Podfile.lock. Run 'pod install' or update your CocoaPods installation.\" >&2\n    exit 1\nfi\n";
			showEnvVarsInLog = 0;
		};
		F9A3D2FCDF6FC5BA1B82ED06 /* [CP] Check Pods Manifest.lock */ = {
			isa = PBXShellScriptBuildPhase;
			buildActionMask = 2147483647;
			files = (
			);
			inputPaths = (
			);
			name = "[CP] Check Pods Manifest.lock";
			outputPaths = (
			);
			runOnlyForDeploymentPostprocessing = 0;
			shellPath = /bin/sh;
			shellScript = "diff \"${PODS_PODFILE_DIR_PATH}/Podfile.lock\" \"${PODS_ROOT}/Manifest.lock\" > /dev/null\nif [ $? != 0 ] ; then\n    # print error to STDERR\n    echo \"error: The sandbox is not in sync with the Podfile.lock. Run 'pod install' or update your CocoaPods installation.\" >&2\n    exit 1\nfi\n";
			showEnvVarsInLog = 0;
		};
/* End PBXShellScriptBuildPhase section */

/* Begin PBXSourcesBuildPhase section */
		E8A729CE1EB8664C007D1B23 /* Sources */ = {
			isa = PBXSourcesBuildPhase;
			buildActionMask = 2147483647;
			files = (
				E8B4863C1EB9B97C000F5BEE /* BallViewController.swift in Sources */,
				E8B4863E1EB9E38B000F5BEE /* BallViewModel.swift in Sources */,
				E8A729D81EB8664C007D1B23 /* ViewController.swift in Sources */,
				E8A57A701EBCA9FA00BB94C4 /* Repository.swift in Sources */,
				E8A57A6E1EBCA96F00BB94C4 /* Issues.swift in Sources */,
				E8D218621EBB3671007A6C1F /* GithubEndpoint.swift in Sources */,
				E8A57A6C1EBCA8A700BB94C4 /* IssueTrackerModel.swift in Sources */,
				E8A729D61EB8664C007D1B23 /* AppDelegate.swift in Sources */,
			);
			runOnlyForDeploymentPostprocessing = 0;
		};
		E8A729E21EB8664C007D1B23 /* Sources */ = {
			isa = PBXSourcesBuildPhase;
			buildActionMask = 2147483647;
			files = (
				E8A729EB1EB8664C007D1B23 /* MvppocTests.swift in Sources */,
			);
			runOnlyForDeploymentPostprocessing = 0;
		};
		E8A729ED1EB8664C007D1B23 /* Sources */ = {
			isa = PBXSourcesBuildPhase;
			buildActionMask = 2147483647;
			files = (
				E8A729F61EB8664C007D1B23 /* MvppocUITests.swift in Sources */,
			);
			runOnlyForDeploymentPostprocessing = 0;
		};
/* End PBXSourcesBuildPhase section */

/* Begin PBXTargetDependency section */
		E8A729E81EB8664C007D1B23 /* PBXTargetDependency */ = {
			isa = PBXTargetDependency;
			target = E8A729D11EB8664C007D1B23 /* Mvppoc */;
			targetProxy = E8A729E71EB8664C007D1B23 /* PBXContainerItemProxy */;
		};
		E8A729F31EB8664C007D1B23 /* PBXTargetDependency */ = {
			isa = PBXTargetDependency;
			target = E8A729D11EB8664C007D1B23 /* Mvppoc */;
			targetProxy = E8A729F21EB8664C007D1B23 /* PBXContainerItemProxy */;
		};
/* End PBXTargetDependency section */

/* Begin PBXVariantGroup section */
		E8A729D91EB8664C007D1B23 /* Main.storyboard */ = {
			isa = PBXVariantGroup;
			children = (
				E8A729DA1EB8664C007D1B23 /* Base */,
			);
			name = Main.storyboard;
			sourceTree = "<group>";
		};
		E8A729DE1EB8664C007D1B23 /* LaunchScreen.storyboard */ = {
			isa = PBXVariantGroup;
			children = (
				E8A729DF1EB8664C007D1B23 /* Base */,
			);
			name = LaunchScreen.storyboard;
			sourceTree = "<group>";
		};
/* End PBXVariantGroup section */

/* Begin XCBuildConfiguration section */
		E8A729F81EB8664C007D1B23 /* Debug */ = {
			isa = XCBuildConfiguration;
			buildSettings = {
				ALWAYS_SEARCH_USER_PATHS = NO;
				CLANG_ANALYZER_NONNULL = YES;
				CLANG_ANALYZER_NUMBER_OBJECT_CONVERSION = YES_AGGRESSIVE;
				CLANG_CXX_LANGUAGE_STANDARD = "gnu++0x";
				CLANG_CXX_LIBRARY = "libc++";
				CLANG_ENABLE_MODULES = YES;
				CLANG_ENABLE_OBJC_ARC = YES;
				CLANG_WARN_BOOL_CONVERSION = YES;
				CLANG_WARN_CONSTANT_CONVERSION = YES;
				CLANG_WARN_DIRECT_OBJC_ISA_USAGE = YES_ERROR;
				CLANG_WARN_DOCUMENTATION_COMMENTS = YES;
				CLANG_WARN_EMPTY_BODY = YES;
				CLANG_WARN_ENUM_CONVERSION = YES;
				CLANG_WARN_INFINITE_RECURSION = YES;
				CLANG_WARN_INT_CONVERSION = YES;
				CLANG_WARN_OBJC_ROOT_CLASS = YES_ERROR;
				CLANG_WARN_SUSPICIOUS_MOVE = YES;
				CLANG_WARN_UNREACHABLE_CODE = YES;
				CLANG_WARN__DUPLICATE_METHOD_MATCH = YES;
				"CODE_SIGN_IDENTITY[sdk=iphoneos*]" = "iPhone Developer";
				COPY_PHASE_STRIP = NO;
				DEBUG_INFORMATION_FORMAT = dwarf;
				ENABLE_STRICT_OBJC_MSGSEND = YES;
				ENABLE_TESTABILITY = YES;
				GCC_C_LANGUAGE_STANDARD = gnu99;
				GCC_DYNAMIC_NO_PIC = NO;
				GCC_NO_COMMON_BLOCKS = YES;
				GCC_OPTIMIZATION_LEVEL = 0;
				GCC_PREPROCESSOR_DEFINITIONS = (
					"DEBUG=1",
					"$(inherited)",
				);
				GCC_WARN_64_TO_32_BIT_CONVERSION = YES;
				GCC_WARN_ABOUT_RETURN_TYPE = YES_ERROR;
				GCC_WARN_UNDECLARED_SELECTOR = YES;
				GCC_WARN_UNINITIALIZED_AUTOS = YES_AGGRESSIVE;
				GCC_WARN_UNUSED_FUNCTION = YES;
				GCC_WARN_UNUSED_VARIABLE = YES;
				IPHONEOS_DEPLOYMENT_TARGET = 10.3;
				MTL_ENABLE_DEBUG_INFO = YES;
				ONLY_ACTIVE_ARCH = YES;
				SDKROOT = iphoneos;
				SWIFT_ACTIVE_COMPILATION_CONDITIONS = DEBUG;
				SWIFT_OPTIMIZATION_LEVEL = "-Onone";
			};
			name = Debug;
		};
		E8A729F91EB8664C007D1B23 /* Release */ = {
			isa = XCBuildConfiguration;
			buildSettings = {
				ALWAYS_SEARCH_USER_PATHS = NO;
				CLANG_ANALYZER_NONNULL = YES;
				CLANG_ANALYZER_NUMBER_OBJECT_CONVERSION = YES_AGGRESSIVE;
				CLANG_CXX_LANGUAGE_STANDARD = "gnu++0x";
				CLANG_CXX_LIBRARY = "libc++";
				CLANG_ENABLE_MODULES = YES;
				CLANG_ENABLE_OBJC_ARC = YES;
				CLANG_WARN_BOOL_CONVERSION = YES;
				CLANG_WARN_CONSTANT_CONVERSION = YES;
				CLANG_WARN_DIRECT_OBJC_ISA_USAGE = YES_ERROR;
				CLANG_WARN_DOCUMENTATION_COMMENTS = YES;
				CLANG_WARN_EMPTY_BODY = YES;
				CLANG_WARN_ENUM_CONVERSION = YES;
				CLANG_WARN_INFINITE_RECURSION = YES;
				CLANG_WARN_INT_CONVERSION = YES;
				CLANG_WARN_OBJC_ROOT_CLASS = YES_ERROR;
				CLANG_WARN_SUSPICIOUS_MOVE = YES;
				CLANG_WARN_UNREACHABLE_CODE = YES;
				CLANG_WARN__DUPLICATE_METHOD_MATCH = YES;
				"CODE_SIGN_IDENTITY[sdk=iphoneos*]" = "iPhone Developer";
				COPY_PHASE_STRIP = NO;
				DEBUG_INFORMATION_FORMAT = "dwarf-with-dsym";
				ENABLE_NS_ASSERTIONS = NO;
				ENABLE_STRICT_OBJC_MSGSEND = YES;
				GCC_C_LANGUAGE_STANDARD = gnu99;
				GCC_NO_COMMON_BLOCKS = YES;
				GCC_WARN_64_TO_32_BIT_CONVERSION = YES;
				GCC_WARN_ABOUT_RETURN_TYPE = YES_ERROR;
				GCC_WARN_UNDECLARED_SELECTOR = YES;
				GCC_WARN_UNINITIALIZED_AUTOS = YES_AGGRESSIVE;
				GCC_WARN_UNUSED_FUNCTION = YES;
				GCC_WARN_UNUSED_VARIABLE = YES;
				IPHONEOS_DEPLOYMENT_TARGET = 10.3;
				MTL_ENABLE_DEBUG_INFO = NO;
				SDKROOT = iphoneos;
				SWIFT_OPTIMIZATION_LEVEL = "-Owholemodule";
				VALIDATE_PRODUCT = YES;
			};
			name = Release;
		};
		E8A729FB1EB8664C007D1B23 /* Debug */ = {
			isa = XCBuildConfiguration;
			baseConfigurationReference = 2ED5D4C66A44021422579FD3 /* Pods-Mvppoc.debug.xcconfig */;
			buildSettings = {
				ASSETCATALOG_COMPILER_APPICON_NAME = AppIcon;
				INFOPLIST_FILE = Mvppoc/Info.plist;
				LD_RUNPATH_SEARCH_PATHS = "$(inherited) @executable_path/Frameworks";
				PRODUCT_BUNDLE_IDENTIFIER = com.nineleaps.Mvppoc;
				PRODUCT_NAME = "$(TARGET_NAME)";
				SWIFT_VERSION = 3.0;
			};
			name = Debug;
		};
		E8A729FC1EB8664C007D1B23 /* Release */ = {
			isa = XCBuildConfiguration;
			baseConfigurationReference = 7F9F00F925D506A14CE03F58 /* Pods-Mvppoc.release.xcconfig */;
			buildSettings = {
				ASSETCATALOG_COMPILER_APPICON_NAME = AppIcon;
				INFOPLIST_FILE = Mvppoc/Info.plist;
				LD_RUNPATH_SEARCH_PATHS = "$(inherited) @executable_path/Frameworks";
				PRODUCT_BUNDLE_IDENTIFIER = com.nineleaps.Mvppoc;
				PRODUCT_NAME = "$(TARGET_NAME)";
				SWIFT_VERSION = 3.0;
			};
			name = Release;
		};
		E8A729FE1EB8664C007D1B23 /* Debug */ = {
			isa = XCBuildConfiguration;
			baseConfigurationReference = 2F51F3995510059B2E443CE5 /* Pods-MvppocTests.debug.xcconfig */;
			buildSettings = {
				ALWAYS_EMBED_SWIFT_STANDARD_LIBRARIES = YES;
				BUNDLE_LOADER = "$(TEST_HOST)";
				INFOPLIST_FILE = MvppocTests/Info.plist;
				LD_RUNPATH_SEARCH_PATHS = "$(inherited) @executable_path/Frameworks @loader_path/Frameworks";
				PRODUCT_BUNDLE_IDENTIFIER = com.nineleaps.MvppocTests;
				PRODUCT_NAME = "$(TARGET_NAME)";
				SWIFT_VERSION = 3.0;
				TEST_HOST = "$(BUILT_PRODUCTS_DIR)/Mvppoc.app/Mvppoc";
			};
			name = Debug;
		};
		E8A729FF1EB8664C007D1B23 /* Release */ = {
			isa = XCBuildConfiguration;
			baseConfigurationReference = 440EF1A17BE12B7AE26941B0 /* Pods-MvppocTests.release.xcconfig */;
			buildSettings = {
				ALWAYS_EMBED_SWIFT_STANDARD_LIBRARIES = YES;
				BUNDLE_LOADER = "$(TEST_HOST)";
				INFOPLIST_FILE = MvppocTests/Info.plist;
				LD_RUNPATH_SEARCH_PATHS = "$(inherited) @executable_path/Frameworks @loader_path/Frameworks";
				PRODUCT_BUNDLE_IDENTIFIER = com.nineleaps.MvppocTests;
				PRODUCT_NAME = "$(TARGET_NAME)";
				SWIFT_VERSION = 3.0;
				TEST_HOST = "$(BUILT_PRODUCTS_DIR)/Mvppoc.app/Mvppoc";
			};
			name = Release;
		};
		E8A72A011EB8664C007D1B23 /* Debug */ = {
			isa = XCBuildConfiguration;
			baseConfigurationReference = ADE62F63E4A0731F3766DDBA /* Pods-MvppocUITests.debug.xcconfig */;
			buildSettings = {
				ALWAYS_EMBED_SWIFT_STANDARD_LIBRARIES = YES;
				INFOPLIST_FILE = MvppocUITests/Info.plist;
				LD_RUNPATH_SEARCH_PATHS = "$(inherited) @executable_path/Frameworks @loader_path/Frameworks";
				PRODUCT_BUNDLE_IDENTIFIER = com.nineleaps.MvppocUITests;
				PRODUCT_NAME = "$(TARGET_NAME)";
				SWIFT_VERSION = 3.0;
				TEST_TARGET_NAME = Mvppoc;
			};
			name = Debug;
		};
		E8A72A021EB8664C007D1B23 /* Release */ = {
			isa = XCBuildConfiguration;
			baseConfigurationReference = CF7CE1E432ED0668D2B171DE /* Pods-MvppocUITests.release.xcconfig */;
			buildSettings = {
				ALWAYS_EMBED_SWIFT_STANDARD_LIBRARIES = YES;
				INFOPLIST_FILE = MvppocUITests/Info.plist;
				LD_RUNPATH_SEARCH_PATHS = "$(inherited) @executable_path/Frameworks @loader_path/Frameworks";
				PRODUCT_BUNDLE_IDENTIFIER = com.nineleaps.MvppocUITests;
				PRODUCT_NAME = "$(TARGET_NAME)";
				SWIFT_VERSION = 3.0;
				TEST_TARGET_NAME = Mvppoc;
			};
			name = Release;
		};
/* End XCBuildConfiguration section */

/* Begin XCConfigurationList section */
		E8A729CD1EB8664C007D1B23 /* Build configuration list for PBXProject "Mvppoc" */ = {
			isa = XCConfigurationList;
			buildConfigurations = (
				E8A729F81EB8664C007D1B23 /* Debug */,
				E8A729F91EB8664C007D1B23 /* Release */,
			);
			defaultConfigurationIsVisible = 0;
			defaultConfigurationName = Release;
		};
		E8A729FA1EB8664C007D1B23 /* Build configuration list for PBXNativeTarget "Mvppoc" */ = {
			isa = XCConfigurationList;
			buildConfigurations = (
				E8A729FB1EB8664C007D1B23 /* Debug */,
				E8A729FC1EB8664C007D1B23 /* Release */,
			);
			defaultConfigurationIsVisible = 0;
			defaultConfigurationName = Release;
		};
		E8A729FD1EB8664C007D1B23 /* Build configuration list for PBXNativeTarget "MvppocTests" */ = {
			isa = XCConfigurationList;
			buildConfigurations = (
				E8A729FE1EB8664C007D1B23 /* Debug */,
				E8A729FF1EB8664C007D1B23 /* Release */,
			);
			defaultConfigurationIsVisible = 0;
			defaultConfigurationName = Release;
		};
		E8A72A001EB8664C007D1B23 /* Build configuration list for PBXNativeTarget "MvppocUITests" */ = {
			isa = XCConfigurationList;
			buildConfigurations = (
				E8A72A011EB8664C007D1B23 /* Debug */,
				E8A72A021EB8664C007D1B23 /* Release */,
			);
			defaultConfigurationIsVisible = 0;
			defaultConfigurationName = Release;
		};
/* End XCConfigurationList section */
	};
	rootObject = E8A729CA1EB8664C007D1B23 /* Project object */;
}
